{
  "object": {
    "pins": [
      {
        "package": "CareKit",
        "repositoryURL": "git@github.com:carekit-apple/CareKit.git",
        "state": {
          "branch": null,
          "revision": "9d4233253faf39e5dcd52e6cb4a0498ac4ca4a1f",
          "version": "2.0.2"
        }
      }
    ]
  },
  "version": 1
}
